
Microsoft Visual Studio Solution File, Format Version 12.00
# Visual Studio Version 17
VisualStudioVersion = 17.0.32112.339
MinimumVisualStudioVersion = 10.0.40219.1
Project("{FAE04EC0-301F-11D3-BF4B-00C04F79EFBC}") = "GlobalManagementSystemApp", "GlobalManagementSystemApp\GlobalManagementSystemApp.csproj", "{015022C3-56F3-4106-8F42-12CF6D7351A7}"
EndProject
Global
	GlobalSection(SolutionConfigurationPlatforms) = preSolution
		Debug|Any CPU = Debug|Any CPU
		Release|Any CPU = Release|Any CPU
	EndGlobalSection
	GlobalSection(ProjectConfigurationPlatforms) = postSolution
		{015022C3-56F3-4106-8F42-12CF6D7351A7}.Debug|Any CPU.ActiveCfg = Debug|Any CPU
		{015022C3-56F3-4106-8F42-12CF6D7351A7}.Debug|Any CPU.Build.0 = Debug|Any CPU
		{015022C3-56F3-4106-8F42-12CF6D7351A7}.Release|Any CPU.ActiveCfg = Release|Any CPU
		{015022C3-56F3-4106-8F42-12CF6D7351A7}.Release|Any CPU.Build.0 = Release|Any CPU
	EndGlobalSection
	GlobalSection(SolutionProperties) = preSolution
		HideSolutionNode = FALSE
	EndGlobalSection
	GlobalSection(ExtensibilityGlobals) = postSolution
		SolutionGuid = {7A848989-B4D6-4053-BEE7-EB2E82A336CD}
	EndGlobalSection
EndGlobal
